{
    "requires": true,
    "lockfileVersion": 1,
    "dependencies": {
        "clipboard": {
            "version": "2.0.8",
            "resolved": "https://registry.npmjs.org/clipboard/-/clipboard-2.0.8.tgz",
            "integrity": "sha512-Y6WO0unAIQp5bLmk1zdThRhgJt/x3ks6f30s3oE3H1mgIEU33XyQjEf8gsf6DxC7NPX8Y1SsNWjUjL/ywLnnbQ==",
            "requires": {
                "good-listener": "^1.2.2",
                "select": "^1.1.2",
                "tiny-emitter": "^2.0.0"
            }
        },
        "delegate": {
            "version": "3.2.0",
            "resolved": "https://registry.npmjs.org/delegate/-/delegate-3.2.0.tgz",
            "integrity": "sha512-IofjkYBZaZivn0V8nnsMJGBr4jVLxHDheKSW88PyxS5QC4Vo9ZbZVvhzlSxY87fVq3STR6r+4cGepyHkcWOQSw=="
        },
        "flag-icon-css": {
            "version": "4.1.7",
            "resolved": "https://registry.npmjs.org/flag-icon-css/-/flag-icon-css-4.1.7.tgz",
            "integrity": "sha512-AFjSU+fv98XbU0vnTQ32vcLj89UEr1MhwDFcooQv14qWJCjg9fGZzfh9BVyDhAhIOZW/pGmJmq38RqpgPaeybQ=="
        },
        "flag-icons": {
            "version": "6.0.2",
            "resolved": "https://registry.npmjs.org/flag-icons/-/flag-icons-6.0.2.tgz",
            "integrity": "sha512-b+/QXRLy1lVPztjwGjhNFN2NBtslGACT1ZxWnw2ztq5qv3/uF1YrJv5SKCfve0acBDT21EFtxK534Gos8sKNoQ=="
        },
        "good-listener": {
            "version": "1.2.2",
            "resolved": "https://registry.npmjs.org/good-listener/-/good-listener-1.2.2.tgz",
            "integrity": "sha1-1TswzfkxPf+33JoNR3CWqm0UXFA=",
            "requires": {
                "delegate": "^3.1.2"
            }
        },
        "select": {
            "version": "1.1.2",
            "resolved": "https://registry.npmjs.org/select/-/select-1.1.2.tgz",
            "integrity": "sha1-DnNQrN7ICxEIUoeG7B1EGNEbOW0="
        },
        "tiny-emitter": {
            "version": "2.1.0",
            "resolved": "https://registry.npmjs.org/tiny-emitter/-/tiny-emitter-2.1.0.tgz",
            "integrity": "sha512-NB6Dk1A9xgQPMoGqC5CVXn123gWyte215ONT5Pp5a0yt4nlEoO1ZWeCwpncaekPHXO60i47ihFnZPiRPjRMq4Q=="
        },
        "vue": {
            "version": "2.6.14",
            "resolved": "https://registry.npmjs.org/vue/-/vue-2.6.14.tgz",
            "integrity": "sha512-x2284lgYvjOMj3Za7kqzRcUSxBboHqtgRE2zlos1qWaOye5yUmHn42LB1250NJBLRwEcdrB0JRwyPTEPhfQjiQ=="
        },
        "vue-star-rating": {
            "version": "1.7.0",
            "resolved": "https://registry.npmjs.org/vue-star-rating/-/vue-star-rating-1.7.0.tgz",
            "integrity": "sha512-2qdONqnIlvFzJoallfr7VuFRB6hBzYgBVEbXC3yYZz2TfMhx36WtYQ5p7JRjW+pzZx2PGQYZ75UFoBE0jwIANw==",
            "requires": {
                "vue": "^2.3.3"
            }
        }
    }
}
